dependencies:
- name: mysql
  repository: https://charts.bitnami.com/bitnami
  version: 11.1.20
- name: postgresql
  repository: https://charts.bitnami.com/bitnami
  version: 15.5.38
- name: redis
  repository: https://charts.bitnami.com/bitnami
  version: 19.6.4
- name: meilisearch
  repository: https://meilisearch.github.io/meilisearch-kubernetes
  version: 0.26.0
digest: sha256:c82ce1ade67ae2821df6016b571c6d94f9b44fc0b071f71a7448def34093e45e
generated: "2026-03-08T09:45:30.472981+02:00"
